
Microsoft Visual Studio Solution File, Format Version 12.00
# Visual Studio 15
VisualStudioVersion = 15.0.27703.2047
MinimumVisualStudioVersion = 10.0.40219.1
Project("{FAE04EC0-301F-11D3-BF4B-00C04F79EFBC}") = "MyRestaurant", "MyRestaurant\MyRestaurant.csproj", "{CA33E659-487F-4B99-8BDA-75435D193C96}"
EndProject
Global
	GlobalSection(SolutionConfigurationPlatforms) = preSolution
		Debug|Any CPU = Debug|Any CPU
		Release|Any CPU = Release|Any CPU
	EndGlobalSection
	GlobalSection(ProjectConfigurationPlatforms) = postSolution
		{CA33E659-487F-4B99-8BDA-75435D193C96}.Debug|Any CPU.ActiveCfg = Debug|Any CPU
		{CA33E659-487F-4B99-8BDA-75435D193C96}.Debug|Any CPU.Build.0 = Debug|Any CPU
		{CA33E659-487F-4B99-8BDA-75435D193C96}.Release|Any CPU.ActiveCfg = Release|Any CPU
		{CA33E659-487F-4B99-8BDA-75435D193C96}.Release|Any CPU.Build.0 = Release|Any CPU
	EndGlobalSection
	GlobalSection(SolutionProperties) = preSolution
		HideSolutionNode = FALSE
	EndGlobalSection
	GlobalSection(ExtensibilityGlobals) = postSolution
		SolutionGuid = {D11A76A7-8934-4991-9B45-4FBD77949FED}
	EndGlobalSection
EndGlobal
